
Microsoft Visual Studio Solution File, Format Version 12.00
# Visual Studio 2012
Project("{2150E333-8FDC-42A3-9474-1A3956D46DE8}") = "Common", "Common", "{5B243C6E-AA25-449B-A97A-E38129BDF2BA}"
EndProject
Project("{2150E333-8FDC-42A3-9474-1A3956D46DE8}") = "Reader", "Reader", "{62454604-7136-4B1F-A9DD-ED5A8B99601D}"
EndProject
Project("{FAE04EC0-301F-11D3-BF4B-00C04F79EFBC}") = "OKr.Common", "Common\OKr.Common\OKr.Common.csproj", "{DA9207EA-D120-4995-8A58-D20BD99AFA29}"
EndProject
Project("{2150E333-8FDC-42A3-9474-1A3956D46DE8}") = "Builder", "Builder", "{18BE8983-515F-4CD9-985A-D03E2D304CB8}"
EndProject
Project("{FAE04EC0-301F-11D3-BF4B-00C04F79EFBC}") = "OKr.Win8Book.Client.Core", "Reader\OKr.Win8Book.Client.Core\OKr.Win8Book.Client.Core.csproj", "{42D85E93-4708-4BDD-9D63-94C685C7A1C5}"
EndProject
Project("{FAE04EC0-301F-11D3-BF4B-00C04F79EFBC}") = "OKr.Win8Book.Client", "Reader\OKr.Win8Book.Client\OKr.Win8Book.Client.csproj", "{4A13C63F-ED4D-41CF-BA5C-B290D3574A4F}"
EndProject
Global
	GlobalSection(SolutionConfigurationPlatforms) = preSolution
		Debug|ARM = Debug|ARM
		Debug|Any CPU = Debug|Any CPU
		Debug|x64 = Debug|x64
		Debug|x86 = Debug|x86
		Release|ARM = Release|ARM
		Release|Any CPU = Release|Any CPU
		Release|x64 = Release|x64
		Release|x86 = Release|x86
	EndGlobalSection
	GlobalSection(ProjectConfigurationPlatforms) = postSolution
		{42D85E93-4708-4BDD-9D63-94C685C7A1C5}.Debug|ARM.ActiveCfg = Debug|ARM
		{42D85E93-4708-4BDD-9D63-94C685C7A1C5}.Debug|ARM.Build.0 = Debug|ARM
		{42D85E93-4708-4BDD-9D63-94C685C7A1C5}.Debug|Any CPU.ActiveCfg = Debug|Any CPU
		{42D85E93-4708-4BDD-9D63-94C685C7A1C5}.Debug|Any CPU.Build.0 = Debug|Any CPU
		{42D85E93-4708-4BDD-9D63-94C685C7A1C5}.Debug|x64.ActiveCfg = Debug|x64
		{42D85E93-4708-4BDD-9D63-94C685C7A1C5}.Debug|x64.Build.0 = Debug|x64
		{42D85E93-4708-4BDD-9D63-94C685C7A1C5}.Debug|x86.ActiveCfg = Debug|x86
		{42D85E93-4708-4BDD-9D63-94C685C7A1C5}.Debug|x86.Build.0 = Debug|x86
		{42D85E93-4708-4BDD-9D63-94C685C7A1C5}.Release|ARM.ActiveCfg = Release|ARM
		{42D85E93-4708-4BDD-9D63-94C685C7A1C5}.Release|ARM.Build.0 = Release|ARM
		{42D85E93-4708-4BDD-9D63-94C685C7A1C5}.Release|Any CPU.ActiveCfg = Release|Any CPU
		{42D85E93-4708-4BDD-9D63-94C685C7A1C5}.Release|Any CPU.Build.0 = Release|Any CPU
		{42D85E93-4708-4BDD-9D63-94C685C7A1C5}.Release|x64.ActiveCfg = Release|x64
		{42D85E93-4708-4BDD-9D63-94C685C7A1C5}.Release|x64.Build.0 = Release|x64
		{42D85E93-4708-4BDD-9D63-94C685C7A1C5}.Release|x86.ActiveCfg = Release|x86
		{42D85E93-4708-4BDD-9D63-94C685C7A1C5}.Release|x86.Build.0 = Release|x86
		{4A13C63F-ED4D-41CF-BA5C-B290D3574A4F}.Debug|ARM.ActiveCfg = Debug|ARM
		{4A13C63F-ED4D-41CF-BA5C-B290D3574A4F}.Debug|ARM.Build.0 = Debug|ARM
		{4A13C63F-ED4D-41CF-BA5C-B290D3574A4F}.Debug|ARM.Deploy.0 = Debug|ARM
		{4A13C63F-ED4D-41CF-BA5C-B290D3574A4F}.Debug|Any CPU.ActiveCfg = Debug|Any CPU
		{4A13C63F-ED4D-41CF-BA5C-B290D3574A4F}.Debug|Any CPU.Build.0 = Debug|Any CPU
		{4A13C63F-ED4D-41CF-BA5C-B290D3574A4F}.Debug|Any CPU.Deploy.0 = Debug|Any CPU
		{4A13C63F-ED4D-41CF-BA5C-B290D3574A4F}.Debug|x64.ActiveCfg = Debug|x64
		{4A13C63F-ED4D-41CF-BA5C-B290D3574A4F}.Debug|x64.Build.0 = Debug|x64
		{4A13C63F-ED4D-41CF-BA5C-B290D3574A4F}.Debug|x64.Deploy.0 = Debug|x64
		{4A13C63F-ED4D-41CF-BA5C-B290D3574A4F}.Debug|x86.ActiveCfg = Debug|x86
		{4A13C63F-ED4D-41CF-BA5C-B290D3574A4F}.Debug|x86.Build.0 = Debug|x86
		{4A13C63F-ED4D-41CF-BA5C-B290D3574A4F}.Debug|x86.Deploy.0 = Debug|x86
		{4A13C63F-ED4D-41CF-BA5C-B290D3574A4F}.Release|ARM.ActiveCfg = Release|ARM
		{4A13C63F-ED4D-41CF-BA5C-B290D3574A4F}.Release|ARM.Build.0 = Release|ARM
		{4A13C63F-ED4D-41CF-BA5C-B290D3574A4F}.Release|ARM.Deploy.0 = Release|ARM
		{4A13C63F-ED4D-41CF-BA5C-B290D3574A4F}.Release|Any CPU.ActiveCfg = Release|Any CPU
		{4A13C63F-ED4D-41CF-BA5C-B290D3574A4F}.Release|Any CPU.Build.0 = Release|Any CPU
		{4A13C63F-ED4D-41CF-BA5C-B290D3574A4F}.Release|Any CPU.Deploy.0 = Release|Any CPU
		{4A13C63F-ED4D-41CF-BA5C-B290D3574A4F}.Release|x64.ActiveCfg = Release|x64
		{4A13C63F-ED4D-41CF-BA5C-B290D3574A4F}.Release|x64.Build.0 = Release|x64
		{4A13C63F-ED4D-41CF-BA5C-B290D3574A4F}.Release|x64.Deploy.0 = Release|x64
		{4A13C63F-ED4D-41CF-BA5C-B290D3574A4F}.Release|x86.ActiveCfg = Release|x86
		{4A13C63F-ED4D-41CF-BA5C-B290D3574A4F}.Release|x86.Build.0 = Release|x86
		{4A13C63F-ED4D-41CF-BA5C-B290D3574A4F}.Release|x86.Deploy.0 = Release|x86
		{DA9207EA-D120-4995-8A58-D20BD99AFA29}.Debug|ARM.ActiveCfg = Debug|ARM
		{DA9207EA-D120-4995-8A58-D20BD99AFA29}.Debug|ARM.Build.0 = Debug|ARM
		{DA9207EA-D120-4995-8A58-D20BD99AFA29}.Debug|Any CPU.ActiveCfg = Debug|Any CPU
		{DA9207EA-D120-4995-8A58-D20BD99AFA29}.Debug|Any CPU.Build.0 = Debug|Any CPU
		{DA9207EA-D120-4995-8A58-D20BD99AFA29}.Debug|x64.ActiveCfg = Debug|x64
		{DA9207EA-D120-4995-8A58-D20BD99AFA29}.Debug|x64.Build.0 = Debug|x64
		{DA9207EA-D120-4995-8A58-D20BD99AFA29}.Debug|x86.ActiveCfg = Debug|x86
		{DA9207EA-D120-4995-8A58-D20BD99AFA29}.Debug|x86.Build.0 = Debug|x86
		{DA9207EA-D120-4995-8A58-D20BD99AFA29}.Release|ARM.ActiveCfg = Release|ARM
		{DA9207EA-D120-4995-8A58-D20BD99AFA29}.Release|ARM.Build.0 = Release|ARM
		{DA9207EA-D120-4995-8A58-D20BD99AFA29}.Release|Any CPU.ActiveCfg = Release|Any CPU
		{DA9207EA-D120-4995-8A58-D20BD99AFA29}.Release|Any CPU.Build.0 = Release|Any CPU
		{DA9207EA-D120-4995-8A58-D20BD99AFA29}.Release|x64.ActiveCfg = Release|x64
		{DA9207EA-D120-4995-8A58-D20BD99AFA29}.Release|x64.Build.0 = Release|x64
		{DA9207EA-D120-4995-8A58-D20BD99AFA29}.Release|x86.ActiveCfg = Release|x86
		{DA9207EA-D120-4995-8A58-D20BD99AFA29}.Release|x86.Build.0 = Release|x86
	EndGlobalSection
	GlobalSection(SolutionProperties) = preSolution
		HideSolutionNode = FALSE
	EndGlobalSection
	GlobalSection(NestedProjects) = preSolution
		{42D85E93-4708-4BDD-9D63-94C685C7A1C5} = {62454604-7136-4B1F-A9DD-ED5A8B99601D}
		{4A13C63F-ED4D-41CF-BA5C-B290D3574A4F} = {62454604-7136-4B1F-A9DD-ED5A8B99601D}
		{DA9207EA-D120-4995-8A58-D20BD99AFA29} = {5B243C6E-AA25-449B-A97A-E38129BDF2BA}
	EndGlobalSection
EndGlobal
